
Microsoft Visual Studio Solution File, Format Version 12.00
# Visual Studio Version 17
VisualStudioVersion = 17.7.34031.279
MinimumVisualStudioVersion = 10.0.40219.1
Project("{FAE04EC0-301F-11D3-BF4B-00C04F79EFBC}") = "PasswordManager", "PasswordManager\PasswordManager.csproj", "{550A075F-68DC-4DB2-B70F-C9D205CA738E}"
EndProject
Project("{FAE04EC0-301F-11D3-BF4B-00C04F79EFBC}") = "PasswordManager.Tests", "PasswordManager.Tests\PasswordManager.Tests.csproj", "{0CD8ABFD-7C65-44BD-B0E4-AE77E7446D66}"
EndProject
Project("{FAE04EC0-301F-11D3-BF4B-00C04F79EFBC}") = "CorePersistence", "CorePersistence\CorePersistence.csproj", "{D7EE56F3-23ED-422E-BFCE-7E4B003AD323}"
EndProject
Project("{FAE04EC0-301F-11D3-BF4B-00C04F79EFBC}") = "PMBusinessLayer", "PMBusinessLayer\PMBusinessLayer.csproj", "{B01F1584-9746-4D40-859C-ED0C7161A8EC}"
EndProject
Global
	GlobalSection(SolutionConfigurationPlatforms) = preSolution
		Debug|Any CPU = Debug|Any CPU
		Release|Any CPU = Release|Any CPU
	EndGlobalSection
	GlobalSection(ProjectConfigurationPlatforms) = postSolution
		{550A075F-68DC-4DB2-B70F-C9D205CA738E}.Debug|Any CPU.ActiveCfg = Debug|Any CPU
		{550A075F-68DC-4DB2-B70F-C9D205CA738E}.Debug|Any CPU.Build.0 = Debug|Any CPU
		{550A075F-68DC-4DB2-B70F-C9D205CA738E}.Release|Any CPU.ActiveCfg = Release|Any CPU
		{550A075F-68DC-4DB2-B70F-C9D205CA738E}.Release|Any CPU.Build.0 = Release|Any CPU
		{0CD8ABFD-7C65-44BD-B0E4-AE77E7446D66}.Debug|Any CPU.ActiveCfg = Debug|Any CPU
		{0CD8ABFD-7C65-44BD-B0E4-AE77E7446D66}.Debug|Any CPU.Build.0 = Debug|Any CPU
		{0CD8ABFD-7C65-44BD-B0E4-AE77E7446D66}.Release|Any CPU.ActiveCfg = Release|Any CPU
		{0CD8ABFD-7C65-44BD-B0E4-AE77E7446D66}.Release|Any CPU.Build.0 = Release|Any CPU
		{D7EE56F3-23ED-422E-BFCE-7E4B003AD323}.Debug|Any CPU.ActiveCfg = Debug|Any CPU
		{D7EE56F3-23ED-422E-BFCE-7E4B003AD323}.Debug|Any CPU.Build.0 = Debug|Any CPU
		{D7EE56F3-23ED-422E-BFCE-7E4B003AD323}.Release|Any CPU.ActiveCfg = Release|Any CPU
		{D7EE56F3-23ED-422E-BFCE-7E4B003AD323}.Release|Any CPU.Build.0 = Release|Any CPU
		{B01F1584-9746-4D40-859C-ED0C7161A8EC}.Debug|Any CPU.ActiveCfg = Debug|Any CPU
		{B01F1584-9746-4D40-859C-ED0C7161A8EC}.Debug|Any CPU.Build.0 = Debug|Any CPU
		{B01F1584-9746-4D40-859C-ED0C7161A8EC}.Release|Any CPU.ActiveCfg = Release|Any CPU
		{B01F1584-9746-4D40-859C-ED0C7161A8EC}.Release|Any CPU.Build.0 = Release|Any CPU
	EndGlobalSection
	GlobalSection(SolutionProperties) = preSolution
		HideSolutionNode = FALSE
	EndGlobalSection
	GlobalSection(ExtensibilityGlobals) = postSolution
		SolutionGuid = {43183CC1-F694-4950-AFD1-4266E3077C9A}
	EndGlobalSection
EndGlobal
